
Microsoft Visual Studio Solution File, Format Version 12.00
# Visual Studio Version 17
VisualStudioVersion = 17.0.31903.59
MinimumVisualStudioVersion = 10.0.40219.1
Project("{FAE04EC0-301F-11D3-BF4B-00C04F79EFBC}") = "Oravey2.Core", "src\Oravey2.Core\Oravey2.Core.csproj", "{A1B2C3D4-E5F6-7890-ABCD-EF1234567890}"
EndProject
Project("{FAE04EC0-301F-11D3-BF4B-00C04F79EFBC}") = "Oravey2.Windows", "src\Oravey2.Windows\Oravey2.Windows.csproj", "{B2C3D4E5-F6A7-8901-BCDE-F12345678901}"
EndProject
Project("{FAE04EC0-301F-11D3-BF4B-00C04F79EFBC}") = "Oravey2.Tests", "tests\Oravey2.Tests\Oravey2.Tests.csproj", "{C3D4E5F6-A7B8-9012-CDEF-123456789012}"
EndProject
Project("{2150E333-8FDC-42A3-9474-1A3956D46DE8}") = "tests", "tests", "{0AB3BF05-4346-4AA6-1389-037BE0695223}"
EndProject
Project("{FAE04EC0-301F-11D3-BF4B-00C04F79EFBC}") = "Oravey2.UITests", "tests\Oravey2.UITests\Oravey2.UITests.csproj", "{893CCFD5-233D-4DFD-8CCB-84E21454FD2A}"
EndProject
Project("{2150E333-8FDC-42A3-9474-1A3956D46DE8}") = "Brinell", "Brinell", "{4CCA28B1-4483-5C46-C536-422034DCED68}"
EndProject
Project("{2150E333-8FDC-42A3-9474-1A3956D46DE8}") = "srcnew", "srcnew", "{18C5C76A-0028-DB08-2CD7-44CEAC829291}"
EndProject
Project("{FAE04EC0-301F-11D3-BF4B-00C04F79EFBC}") = "Brinell.Stride", "Brinell\srcnew\Brinell.Stride\Brinell.Stride.csproj", "{D4B9B5C2-41C1-49F7-808A-89E85DDFB1BA}"
EndProject
Project("{FAE04EC0-301F-11D3-BF4B-00C04F79EFBC}") = "Brinell.Core", "Brinell\srcnew\Brinell.Core\Brinell.Core.csproj", "{7011A1E1-C497-4DFE-A7E3-3CE79B4C6BDB}"
EndProject
Project("{2150E333-8FDC-42A3-9474-1A3956D46DE8}") = "src", "src", "{827E0CD3-B72D-47B6-A68D-7590B98EB39B}"
EndProject
Project("{FAE04EC0-301F-11D3-BF4B-00C04F79EFBC}") = "Oravey2.MapGen", "src\Oravey2.MapGen\Oravey2.MapGen.csproj", "{509AA524-0246-4DE0-A0F0-686D1B3173AA}"
EndProject
Project("{FAE04EC0-301F-11D3-BF4B-00C04F79EFBC}") = "Oravey2.MapGen.App", "src\Oravey2.MapGen.App\Oravey2.MapGen.App.csproj", "{F9E29B93-9882-4816-A607-1C176F6E3A9B}"
EndProject
Project("{2150E333-8FDC-42A3-9474-1A3956D46DE8}") = "content", "content", "{B489D86D-A092-F0FF-8364-791CEC263EE7}"
EndProject
Project("{FAE04EC0-301F-11D3-BF4B-00C04F79EFBC}") = "Oravey2.Apocalyptic", "content\Oravey2.Apocalyptic\Oravey2.Apocalyptic.csproj", "{899E520A-812F-496B-A3B3-39661491620F}"
EndProject
Project("{FAE04EC0-301F-11D3-BF4B-00C04F79EFBC}") = "Oravey2.Fantasy", "content\Oravey2.Fantasy\Oravey2.Fantasy.csproj", "{F4D6F5AC-369F-4A45-A498-7CA07A28F8E6}"
EndProject
Project("{2150E333-8FDC-42A3-9474-1A3956D46DE8}") = "tools", "tools", "{07C2787E-EAC7-C090-1BA3-A61EC2A24D84}"
EndProject
Project("{FAE04EC0-301F-11D3-BF4B-00C04F79EFBC}") = "Oravey2.WorldTemplateTool", "tools\Oravey2.WorldTemplateTool\Oravey2.WorldTemplateTool.csproj", "{3914878D-AE6E-4E15-9F50-1715ADD67FCA}"
EndProject
Global
	GlobalSection(SolutionConfigurationPlatforms) = preSolution
		Debug|Any CPU = Debug|Any CPU
		Debug|x64 = Debug|x64
		Debug|x86 = Debug|x86
		Release|Any CPU = Release|Any CPU
		Release|x64 = Release|x64
		Release|x86 = Release|x86
	EndGlobalSection
	GlobalSection(ProjectConfigurationPlatforms) = postSolution
		{A1B2C3D4-E5F6-7890-ABCD-EF1234567890}.Debug|Any CPU.ActiveCfg = Debug|Any CPU
		{A1B2C3D4-E5F6-7890-ABCD-EF1234567890}.Debug|Any CPU.Build.0 = Debug|Any CPU
		{A1B2C3D4-E5F6-7890-ABCD-EF1234567890}.Debug|x64.ActiveCfg = Debug|Any CPU
		{A1B2C3D4-E5F6-7890-ABCD-EF1234567890}.Debug|x64.Build.0 = Debug|Any CPU
		{A1B2C3D4-E5F6-7890-ABCD-EF1234567890}.Debug|x86.ActiveCfg = Debug|Any CPU
		{A1B2C3D4-E5F6-7890-ABCD-EF1234567890}.Debug|x86.Build.0 = Debug|Any CPU
		{A1B2C3D4-E5F6-7890-ABCD-EF1234567890}.Release|Any CPU.ActiveCfg = Release|Any CPU
		{A1B2C3D4-E5F6-7890-ABCD-EF1234567890}.Release|Any CPU.Build.0 = Release|Any CPU
		{A1B2C3D4-E5F6-7890-ABCD-EF1234567890}.Release|x64.ActiveCfg = Release|Any CPU
		{A1B2C3D4-E5F6-7890-ABCD-EF1234567890}.Release|x64.Build.0 = Release|Any CPU
		{A1B2C3D4-E5F6-7890-ABCD-EF1234567890}.Release|x86.ActiveCfg = Release|Any CPU
		{A1B2C3D4-E5F6-7890-ABCD-EF1234567890}.Release|x86.Build.0 = Release|Any CPU
		{B2C3D4E5-F6A7-8901-BCDE-F12345678901}.Debug|Any CPU.ActiveCfg = Debug|Any CPU
		{B2C3D4E5-F6A7-8901-BCDE-F12345678901}.Debug|Any CPU.Build.0 = Debug|Any CPU
		{B2C3D4E5-F6A7-8901-BCDE-F12345678901}.Debug|x64.ActiveCfg = Debug|Any CPU
		{B2C3D4E5-F6A7-8901-BCDE-F12345678901}.Debug|x64.Build.0 = Debug|Any CPU
		{B2C3D4E5-F6A7-8901-BCDE-F12345678901}.Debug|x86.ActiveCfg = Debug|Any CPU
		{B2C3D4E5-F6A7-8901-BCDE-F12345678901}.Debug|x86.Build.0 = Debug|Any CPU
		{B2C3D4E5-F6A7-8901-BCDE-F12345678901}.Release|Any CPU.ActiveCfg = Release|Any CPU
		{B2C3D4E5-F6A7-8901-BCDE-F12345678901}.Release|Any CPU.Build.0 = Release|Any CPU
		{B2C3D4E5-F6A7-8901-BCDE-F12345678901}.Release|x64.ActiveCfg = Release|Any CPU
		{B2C3D4E5-F6A7-8901-BCDE-F12345678901}.Release|x64.Build.0 = Release|Any CPU
		{B2C3D4E5-F6A7-8901-BCDE-F12345678901}.Release|x86.ActiveCfg = Release|Any CPU
		{B2C3D4E5-F6A7-8901-BCDE-F12345678901}.Release|x86.Build.0 = Release|Any CPU
		{C3D4E5F6-A7B8-9012-CDEF-123456789012}.Debug|Any CPU.ActiveCfg = Debug|Any CPU
		{C3D4E5F6-A7B8-9012-CDEF-123456789012}.Debug|Any CPU.Build.0 = Debug|Any CPU
		{C3D4E5F6-A7B8-9012-CDEF-123456789012}.Debug|x64.ActiveCfg = Debug|Any CPU
		{C3D4E5F6-A7B8-9012-CDEF-123456789012}.Debug|x64.Build.0 = Debug|Any CPU
		{C3D4E5F6-A7B8-9012-CDEF-123456789012}.Debug|x86.ActiveCfg = Debug|Any CPU
		{C3D4E5F6-A7B8-9012-CDEF-123456789012}.Debug|x86.Build.0 = Debug|Any CPU
		{C3D4E5F6-A7B8-9012-CDEF-123456789012}.Release|Any CPU.ActiveCfg = Release|Any CPU
		{C3D4E5F6-A7B8-9012-CDEF-123456789012}.Release|Any CPU.Build.0 = Release|Any CPU
		{C3D4E5F6-A7B8-9012-CDEF-123456789012}.Release|x64.ActiveCfg = Release|Any CPU
		{C3D4E5F6-A7B8-9012-CDEF-123456789012}.Release|x64.Build.0 = Release|Any CPU
		{C3D4E5F6-A7B8-9012-CDEF-123456789012}.Release|x86.ActiveCfg = Release|Any CPU
		{C3D4E5F6-A7B8-9012-CDEF-123456789012}.Release|x86.Build.0 = Release|Any CPU
		{893CCFD5-233D-4DFD-8CCB-84E21454FD2A}.Debug|Any CPU.ActiveCfg = Debug|Any CPU
		{893CCFD5-233D-4DFD-8CCB-84E21454FD2A}.Debug|Any CPU.Build.0 = Debug|Any CPU
		{893CCFD5-233D-4DFD-8CCB-84E21454FD2A}.Debug|x64.ActiveCfg = Debug|Any CPU
		{893CCFD5-233D-4DFD-8CCB-84E21454FD2A}.Debug|x64.Build.0 = Debug|Any CPU
		{893CCFD5-233D-4DFD-8CCB-84E21454FD2A}.Debug|x86.ActiveCfg = Debug|Any CPU
		{893CCFD5-233D-4DFD-8CCB-84E21454FD2A}.Debug|x86.Build.0 = Debug|Any CPU
		{893CCFD5-233D-4DFD-8CCB-84E21454FD2A}.Release|Any CPU.ActiveCfg = Release|Any CPU
		{893CCFD5-233D-4DFD-8CCB-84E21454FD2A}.Release|Any CPU.Build.0 = Release|Any CPU
		{893CCFD5-233D-4DFD-8CCB-84E21454FD2A}.Release|x64.ActiveCfg = Release|Any CPU
		{893CCFD5-233D-4DFD-8CCB-84E21454FD2A}.Release|x64.Build.0 = Release|Any CPU
		{893CCFD5-233D-4DFD-8CCB-84E21454FD2A}.Release|x86.ActiveCfg = Release|Any CPU
		{893CCFD5-233D-4DFD-8CCB-84E21454FD2A}.Release|x86.Build.0 = Release|Any CPU
		{D4B9B5C2-41C1-49F7-808A-89E85DDFB1BA}.Debug|Any CPU.ActiveCfg = Debug|Any CPU
		{D4B9B5C2-41C1-49F7-808A-89E85DDFB1BA}.Debug|Any CPU.Build.0 = Debug|Any CPU
		{D4B9B5C2-41C1-49F7-808A-89E85DDFB1BA}.Debug|x64.ActiveCfg = Debug|Any CPU
		{D4B9B5C2-41C1-49F7-808A-89E85DDFB1BA}.Debug|x64.Build.0 = Debug|Any CPU
		{D4B9B5C2-41C1-49F7-808A-89E85DDFB1BA}.Debug|x86.ActiveCfg = Debug|Any CPU
		{D4B9B5C2-41C1-49F7-808A-89E85DDFB1BA}.Debug|x86.Build.0 = Debug|Any CPU
		{D4B9B5C2-41C1-49F7-808A-89E85DDFB1BA}.Release|Any CPU.ActiveCfg = Release|Any CPU
		{D4B9B5C2-41C1-49F7-808A-89E85DDFB1BA}.Release|Any CPU.Build.0 = Release|Any CPU
		{D4B9B5C2-41C1-49F7-808A-89E85DDFB1BA}.Release|x64.ActiveCfg = Release|Any CPU
		{D4B9B5C2-41C1-49F7-808A-89E85DDFB1BA}.Release|x64.Build.0 = Release|Any CPU
		{D4B9B5C2-41C1-49F7-808A-89E85DDFB1BA}.Release|x86.ActiveCfg = Release|Any CPU
		{D4B9B5C2-41C1-49F7-808A-89E85DDFB1BA}.Release|x86.Build.0 = Release|Any CPU
		{7011A1E1-C497-4DFE-A7E3-3CE79B4C6BDB}.Debug|Any CPU.ActiveCfg = Debug|Any CPU
		{7011A1E1-C497-4DFE-A7E3-3CE79B4C6BDB}.Debug|Any CPU.Build.0 = Debug|Any CPU
		{7011A1E1-C497-4DFE-A7E3-3CE79B4C6BDB}.Debug|x64.ActiveCfg = Debug|Any CPU
		{7011A1E1-C497-4DFE-A7E3-3CE79B4C6BDB}.Debug|x64.Build.0 = Debug|Any CPU
		{7011A1E1-C497-4DFE-A7E3-3CE79B4C6BDB}.Debug|x86.ActiveCfg = Debug|Any CPU
		{7011A1E1-C497-4DFE-A7E3-3CE79B4C6BDB}.Debug|x86.Build.0 = Debug|Any CPU
		{7011A1E1-C497-4DFE-A7E3-3CE79B4C6BDB}.Release|Any CPU.ActiveCfg = Release|Any CPU
		{7011A1E1-C497-4DFE-A7E3-3CE79B4C6BDB}.Release|Any CPU.Build.0 = Release|Any CPU
		{7011A1E1-C497-4DFE-A7E3-3CE79B4C6BDB}.Release|x64.ActiveCfg = Release|Any CPU
		{7011A1E1-C497-4DFE-A7E3-3CE79B4C6BDB}.Release|x64.Build.0 = Release|Any CPU
		{7011A1E1-C497-4DFE-A7E3-3CE79B4C6BDB}.Release|x86.ActiveCfg = Release|Any CPU
		{7011A1E1-C497-4DFE-A7E3-3CE79B4C6BDB}.Release|x86.Build.0 = Release|Any CPU
		{509AA524-0246-4DE0-A0F0-686D1B3173AA}.Debug|Any CPU.ActiveCfg = Debug|Any CPU
		{509AA524-0246-4DE0-A0F0-686D1B3173AA}.Debug|Any CPU.Build.0 = Debug|Any CPU
		{509AA524-0246-4DE0-A0F0-686D1B3173AA}.Debug|x64.ActiveCfg = Debug|Any CPU
		{509AA524-0246-4DE0-A0F0-686D1B3173AA}.Debug|x64.Build.0 = Debug|Any CPU
		{509AA524-0246-4DE0-A0F0-686D1B3173AA}.Debug|x86.ActiveCfg = Debug|Any CPU
		{509AA524-0246-4DE0-A0F0-686D1B3173AA}.Debug|x86.Build.0 = Debug|Any CPU
		{509AA524-0246-4DE0-A0F0-686D1B3173AA}.Release|Any CPU.ActiveCfg = Release|Any CPU
		{509AA524-0246-4DE0-A0F0-686D1B3173AA}.Release|Any CPU.Build.0 = Release|Any CPU
		{509AA524-0246-4DE0-A0F0-686D1B3173AA}.Release|x64.ActiveCfg = Release|Any CPU
		{509AA524-0246-4DE0-A0F0-686D1B3173AA}.Release|x64.Build.0 = Release|Any CPU
		{509AA524-0246-4DE0-A0F0-686D1B3173AA}.Release|x86.ActiveCfg = Release|Any CPU
		{509AA524-0246-4DE0-A0F0-686D1B3173AA}.Release|x86.Build.0 = Release|Any CPU
		{F9E29B93-9882-4816-A607-1C176F6E3A9B}.Debug|Any CPU.ActiveCfg = Debug|Any CPU
		{F9E29B93-9882-4816-A607-1C176F6E3A9B}.Debug|Any CPU.Build.0 = Debug|Any CPU
		{F9E29B93-9882-4816-A607-1C176F6E3A9B}.Debug|x64.ActiveCfg = Debug|Any CPU
		{F9E29B93-9882-4816-A607-1C176F6E3A9B}.Debug|x64.Build.0 = Debug|Any CPU
		{F9E29B93-9882-4816-A607-1C176F6E3A9B}.Debug|x86.ActiveCfg = Debug|Any CPU
		{F9E29B93-9882-4816-A607-1C176F6E3A9B}.Debug|x86.Build.0 = Debug|Any CPU
		{F9E29B93-9882-4816-A607-1C176F6E3A9B}.Release|Any CPU.ActiveCfg = Release|Any CPU
		{F9E29B93-9882-4816-A607-1C176F6E3A9B}.Release|Any CPU.Build.0 = Release|Any CPU
		{F9E29B93-9882-4816-A607-1C176F6E3A9B}.Release|x64.ActiveCfg = Release|Any CPU
		{F9E29B93-9882-4816-A607-1C176F6E3A9B}.Release|x64.Build.0 = Release|Any CPU
		{F9E29B93-9882-4816-A607-1C176F6E3A9B}.Release|x86.ActiveCfg = Release|Any CPU
		{F9E29B93-9882-4816-A607-1C176F6E3A9B}.Release|x86.Build.0 = Release|Any CPU
		{899E520A-812F-496B-A3B3-39661491620F}.Debug|Any CPU.ActiveCfg = Debug|Any CPU
		{899E520A-812F-496B-A3B3-39661491620F}.Debug|Any CPU.Build.0 = Debug|Any CPU
		{899E520A-812F-496B-A3B3-39661491620F}.Debug|x64.ActiveCfg = Debug|Any CPU
		{899E520A-812F-496B-A3B3-39661491620F}.Debug|x64.Build.0 = Debug|Any CPU
		{899E520A-812F-496B-A3B3-39661491620F}.Debug|x86.ActiveCfg = Debug|Any CPU
		{899E520A-812F-496B-A3B3-39661491620F}.Debug|x86.Build.0 = Debug|Any CPU
		{899E520A-812F-496B-A3B3-39661491620F}.Release|Any CPU.ActiveCfg = Release|Any CPU
		{899E520A-812F-496B-A3B3-39661491620F}.Release|Any CPU.Build.0 = Release|Any CPU
		{899E520A-812F-496B-A3B3-39661491620F}.Release|x64.ActiveCfg = Release|Any CPU
		{899E520A-812F-496B-A3B3-39661491620F}.Release|x64.Build.0 = Release|Any CPU
		{899E520A-812F-496B-A3B3-39661491620F}.Release|x86.ActiveCfg = Release|Any CPU
		{899E520A-812F-496B-A3B3-39661491620F}.Release|x86.Build.0 = Release|Any CPU
		{F4D6F5AC-369F-4A45-A498-7CA07A28F8E6}.Debug|Any CPU.ActiveCfg = Debug|Any CPU
		{F4D6F5AC-369F-4A45-A498-7CA07A28F8E6}.Debug|Any CPU.Build.0 = Debug|Any CPU
		{F4D6F5AC-369F-4A45-A498-7CA07A28F8E6}.Debug|x64.ActiveCfg = Debug|Any CPU
		{F4D6F5AC-369F-4A45-A498-7CA07A28F8E6}.Debug|x64.Build.0 = Debug|Any CPU
		{F4D6F5AC-369F-4A45-A498-7CA07A28F8E6}.Debug|x86.ActiveCfg = Debug|Any CPU
		{F4D6F5AC-369F-4A45-A498-7CA07A28F8E6}.Debug|x86.Build.0 = Debug|Any CPU
		{F4D6F5AC-369F-4A45-A498-7CA07A28F8E6}.Release|Any CPU.ActiveCfg = Release|Any CPU
		{F4D6F5AC-369F-4A45-A498-7CA07A28F8E6}.Release|Any CPU.Build.0 = Release|Any CPU
		{F4D6F5AC-369F-4A45-A498-7CA07A28F8E6}.Release|x64.ActiveCfg = Release|Any CPU
		{F4D6F5AC-369F-4A45-A498-7CA07A28F8E6}.Release|x64.Build.0 = Release|Any CPU
		{F4D6F5AC-369F-4A45-A498-7CA07A28F8E6}.Release|x86.ActiveCfg = Release|Any CPU
		{F4D6F5AC-369F-4A45-A498-7CA07A28F8E6}.Release|x86.Build.0 = Release|Any CPU
		{3914878D-AE6E-4E15-9F50-1715ADD67FCA}.Debug|Any CPU.ActiveCfg = Debug|Any CPU
		{3914878D-AE6E-4E15-9F50-1715ADD67FCA}.Debug|Any CPU.Build.0 = Debug|Any CPU
		{3914878D-AE6E-4E15-9F50-1715ADD67FCA}.Debug|x64.ActiveCfg = Debug|Any CPU
		{3914878D-AE6E-4E15-9F50-1715ADD67FCA}.Debug|x64.Build.0 = Debug|Any CPU
		{3914878D-AE6E-4E15-9F50-1715ADD67FCA}.Debug|x86.ActiveCfg = Debug|Any CPU
		{3914878D-AE6E-4E15-9F50-1715ADD67FCA}.Debug|x86.Build.0 = Debug|Any CPU
		{3914878D-AE6E-4E15-9F50-1715ADD67FCA}.Release|Any CPU.ActiveCfg = Release|Any CPU
		{3914878D-AE6E-4E15-9F50-1715ADD67FCA}.Release|Any CPU.Build.0 = Release|Any CPU
		{3914878D-AE6E-4E15-9F50-1715ADD67FCA}.Release|x64.ActiveCfg = Release|Any CPU
		{3914878D-AE6E-4E15-9F50-1715ADD67FCA}.Release|x64.Build.0 = Release|Any CPU
		{3914878D-AE6E-4E15-9F50-1715ADD67FCA}.Release|x86.ActiveCfg = Release|Any CPU
		{3914878D-AE6E-4E15-9F50-1715ADD67FCA}.Release|x86.Build.0 = Release|Any CPU
	EndGlobalSection
	GlobalSection(SolutionProperties) = preSolution
		HideSolutionNode = FALSE
	EndGlobalSection
	GlobalSection(NestedProjects) = preSolution
		{893CCFD5-233D-4DFD-8CCB-84E21454FD2A} = {0AB3BF05-4346-4AA6-1389-037BE0695223}
		{18C5C76A-0028-DB08-2CD7-44CEAC829291} = {4CCA28B1-4483-5C46-C536-422034DCED68}
		{D4B9B5C2-41C1-49F7-808A-89E85DDFB1BA} = {18C5C76A-0028-DB08-2CD7-44CEAC829291}
		{7011A1E1-C497-4DFE-A7E3-3CE79B4C6BDB} = {18C5C76A-0028-DB08-2CD7-44CEAC829291}
		{509AA524-0246-4DE0-A0F0-686D1B3173AA} = {827E0CD3-B72D-47B6-A68D-7590B98EB39B}
		{F9E29B93-9882-4816-A607-1C176F6E3A9B} = {827E0CD3-B72D-47B6-A68D-7590B98EB39B}
		{899E520A-812F-496B-A3B3-39661491620F} = {B489D86D-A092-F0FF-8364-791CEC263EE7}
		{F4D6F5AC-369F-4A45-A498-7CA07A28F8E6} = {B489D86D-A092-F0FF-8364-791CEC263EE7}
		{3914878D-AE6E-4E15-9F50-1715ADD67FCA} = {07C2787E-EAC7-C090-1BA3-A61EC2A24D84}
	EndGlobalSection
EndGlobal
